// !$*UTF8*$!
{
	archiveVersion = 1;
	classes = {
	};
	objectVersion = 56;
	objects = {

/* Begin PBXBuildFile section */
		BA540E512A6F079000B513DC /* HebroApp.swift in Sources */ = {isa = PBXBuildFile; fileRef = BA540E502A6F079000B513DC /* HebroApp.swift */; };
		BA540E532A6F079000B513DC /* ContentView.swift in Sources */ = {isa = PBXBuildFile; fileRef = BA540E522A6F079000B513DC /* ContentView.swift */; };
		BA540E552A6F079200B513DC /* Assets.xcassets in Resources */ = {isa = PBXBuildFile; fileRef = BA540E542A6F079200B513DC /* Assets.xcassets */; };
		BA540E582A6F079200B513DC /* Preview Assets.xcassets in Resources */ = {isa = PBXBuildFile; fileRef = BA540E572A6F079200B513DC /* Preview Assets.xcassets */; };
		BA540E622A6F079200B513DC /* HebroTests.swift in Sources */ = {isa = PBXBuildFile; fileRef = BA540E612A6F079200B513DC /* HebroTests.swift */; };
		BA540E6C2A6F079200B513DC /* HebroUITests.swift in Sources */ = {isa = PBXBuildFile; fileRef = BA540E6B2A6F079200B513DC /* HebroUITests.swift */; };
		BA540E6E2A6F079200B513DC /* HebroUITestsLaunchTests.swift in Sources */ = {isa = PBXBuildFile; fileRef = BA540E6D2A6F079200B513DC /* HebroUITestsLaunchTests.swift */; };
/* End PBXBuildFile section */

/* Begin PBXContainerItemProxy section */
		BA540E5E2A6F079200B513DC /* PBXContainerItemProxy */ = {
			isa = PBXContainerItemProxy;
			containerPortal = BA540E452A6F079000B513DC /* Project object */;
			proxyType = 1;
			remoteGlobalIDString = BA540E4C2A6F079000B513DC;
			remoteInfo = Hebro;
		};
		BA540E682A6F079200B513DC /* PBXContainerItemProxy */ = {
			isa = PBXContainerItemProxy;
			containerPortal = BA540E452A6F079000B513DC /* Project object */;
			proxyType = 1;
			remoteGlobalIDString = BA540E4C2A6F079000B513DC;
			remoteInfo = Hebro;
		};
/* End PBXContainerItemProxy section */

/* Begin PBXFileReference section */
		BA540E4D2A6F079000B513DC /* Hebro.app */ = {isa = PBXFileReference; explicitFileType = wrapper.application; includeInIndex = 0; path = Hebro.app; sourceTree = BUILT_PRODUCTS_DIR; };
		BA540E502A6F079000B513DC /* HebroApp.swift */ = {isa = PBXFileReference; lastKnownFileType = sourcecode.swift; path = HebroApp.swift; sourceTree = "<group>"; };
		BA540E522A6F079000B513DC /* ContentView.swift */ = {isa = PBXFileReference; lastKnownFileType = sourcecode.swift; path = ContentView.swift; sourceTree = "<group>"; };
		BA540E542A6F079200B513DC /* Assets.xcassets */ = {isa = PBXFileReference; lastKnownFileType = folder.assetcatalog; path = Assets.xcassets; sourceTree = "<group>"; };
		BA540E572A6F079200B513DC /* Preview Assets.xcassets */ = {isa = PBXFileReference; lastKnownFileType = folder.assetcatalog; path = "Preview Assets.xcassets"; sourceTree = "<group>"; };
		BA540E5D2A6F079200B513DC /* HebroTests.xctest */ = {isa = PBXFileReference; explicitFileType = wrapper.cfbundle; includeInIndex = 0; path = HebroTests.xctest; sourceTree = BUILT_PRODUCTS_DIR; };
		BA540E612A6F079200B513DC /* HebroTests.swift */ = {isa = PBXFileReference; lastKnownFileType = sourcecode.swift; path = HebroTests.swift; sourceTree = "<group>"; };
		BA540E672A6F079200B513DC /* HebroUITests.xctest */ = {isa = PBXFileReference; explicitFileType = wrapper.cfbundle; includeInIndex = 0; path = HebroUITests.xctest; sourceTree = BUILT_PRODUCTS_DIR; };
		BA540E6B2A6F079200B513DC /* HebroUITests.swift */ = {isa = PBXFileReference; lastKnownFileType = sourcecode.swift; path = HebroUITests.swift; sourceTree = "<group>"; };
		BA540E6D2A6F079200B513DC /* HebroUITestsLaunchTests.swift */ = {isa = PBXFileReference; lastKnownFileType = sourcecode.swift; path = HebroUITestsLaunchTests.swift; sourceTree = "<group>"; };
/* End PBXFileReference section */

/* Begin PBXFrameworksBuildPhase section */
		BA540E4A2A6F079000B513DC /* Frameworks */ = {
			isa = PBXFrameworksBuildPhase;
			buildActionMask = 2147483647;
			files = (
			);
			runOnlyForDeploymentPostprocessing = 0;
		};
		BA540E5A2A6F079200B513DC /* Frameworks */ = {
			isa = PBXFrameworksBuildPhase;
			buildActionMask = 2147483647;
			files = (
			);
			runOnlyForDeploymentPostprocessing = 0;
		};
		BA540E642A6F079200B513DC /* Frameworks */ = {
			isa = PBXFrameworksBuildPhase;
			buildActionMask = 2147483647;
			files = (
			);
			runOnlyForDeploymentPostprocessing = 0;
		};
/* End PBXFrameworksBuildPhase section */

/* Begin PBXGroup section */
		BA540E442A6F079000B513DC = {
			isa = PBXGroup;
			children = (
				BA540E4F2A6F079000B513DC /* Hebro */,
				BA540E602A6F079200B513DC /* HebroTests */,
				BA540E6A2A6F079200B513DC /* HebroUITests */,
				BA540E4E2A6F079000B513DC /* Products */,
			);
			sourceTree = "<group>";
		};
		BA540E4E2A6F079000B513DC /* Products */ = {
			isa = PBXGroup;
			children = (
				BA540E4D2A6F079000B513DC /* Hebro.app */,
				BA540E5D2A6F079200B513DC /* HebroTests.xctest */,
				BA540E672A6F079200B513DC /* HebroUITests.xctest */,
			);
			name = Products;
			sourceTree = "<group>";
		};
		BA540E4F2A6F079000B513DC /* Hebro */ = {
			isa = PBXGroup;
			children = (
				BA540E502A6F079000B513DC /* HebroApp.swift */,
				BA540E522A6F079000B513DC /* ContentView.swift */,
				BA540E542A6F079200B513DC /* Assets.xcassets */,
				BA540E562A6F079200B513DC /* Preview Content */,
			);
			path = Hebro;
			sourceTree = "<group>";
		};
		BA540E562A6F079200B513DC /* Preview Content */ = {
			isa = PBXGroup;
			children = (
				BA540E572A6F079200B513DC /* Preview Assets.xcassets */,
			);
			path = "Preview Content";
			sourceTree = "<group>";
		};
		BA540E602A6F079200B513DC /* HebroTests */ = {
			isa = PBXGroup;
			children = (
				BA540E612A6F079200B513DC /* HebroTests.swift */,
			);
			path = HebroTests;
			sourceTree = "<group>";
		};
		BA540E6A2A6F079200B513DC /* HebroUITests */ = {
			isa = PBXGroup;
			children = (
				BA540E6B2A6F079200B513DC /* HebroUITests.swift */,
				BA540E6D2A6F079200B513DC /* HebroUITestsLaunchTests.swift */,
			);
			path = HebroUITests;
			sourceTree = "<group>";
		};
/* End PBXGroup section */

/* Begin PBXNativeTarget section */
		BA540E4C2A6F079000B513DC /* Hebro */ = {
			isa = PBXNativeTarget;
			buildConfigurationList = BA540E712A6F079200B513DC /* Build configuration list for PBXNativeTarget "Hebro" */;
			buildPhases = (
				BA540E492A6F079000B513DC /* Sources */,
				BA540E4A2A6F079000B513DC /* Frameworks */,
				BA540E4B2A6F079000B513DC /* Resources */,
			);
			buildRules = (
			);
			dependencies = (
			);
			name = Hebro;
			productName = Hebro;
			productReference = BA540E4D2A6F079000B513DC /* Hebro.app */;
			productType = "com.apple.product-type.application";
		};
		BA540E5C2A6F079200B513DC /* HebroTests */ = {
			isa = PBXNativeTarget;
			buildConfigurationList = BA540E742A6F079200B513DC /* Build configuration list for PBXNativeTarget "HebroTests" */;
			buildPhases = (
				BA540E592A6F079200B513DC /* Sources */,
				BA540E5A2A6F079200B513DC /* Frameworks */,
				BA540E5B2A6F079200B513DC /* Resources */,
			);
			buildRules = (
			);
			dependencies = (
				BA540E5F2A6F079200B513DC /* PBXTargetDependency */,
			);
			name = HebroTests;
			productName = HebroTests;
			productReference = BA540E5D2A6F079200B513DC /* HebroTests.xctest */;
			productType = "com.apple.product-type.bundle.unit-test";
		};
		BA540E662A6F079200B513DC /* HebroUITests */ = {
			isa = PBXNativeTarget;
			buildConfigurationList = BA540E772A6F079200B513DC /* Build configuration list for PBXNativeTarget "HebroUITests" */;
			buildPhases = (
				BA540E632A6F079200B513DC /* Sources */,
				BA540E642A6F079200B513DC /* Frameworks */,
				BA540E652A6F079200B513DC /* Resources */,
			);
			buildRules = (
			);
			dependencies = (
				BA540E692A6F079200B513DC /* PBXTargetDependency */,
			);
			name = HebroUITests;
			productName = HebroUITests;
			productReference = BA540E672A6F079200B513DC /* HebroUITests.xctest */;
			productType = "com.apple.product-type.bundle.ui-testing";
		};
/* End PBXNativeTarget section */

/* Begin PBXProject section */
		BA540E452A6F079000B513DC /* Project object */ = {
			isa = PBXProject;
			attributes = {
				BuildIndependentTargetsInParallel = 1;
				LastSwiftUpdateCheck = 1430;
				LastUpgradeCheck = 1430;
				TargetAttributes = {
					BA540E4C2A6F079000B513DC = {
						CreatedOnToolsVersion = 14.3.1;
					};
					BA540E5C2A6F079200B513DC = {
						CreatedOnToolsVersion = 14.3.1;
						TestTargetID = BA540E4C2A6F079000B513DC;
					};
					BA540E662A6F079200B513DC = {
						CreatedOnToolsVersion = 14.3.1;
						TestTargetID = BA540E4C2A6F079000B513DC;
					};
				};
			};
			buildConfigurationList = BA540E482A6F079000B513DC /* Build configuration list for PBXProject "Hebro" */;
			compatibilityVersion = "Xcode 14.0";
			developmentRegion = en;
			hasScannedForEncodings = 0;
			knownRegions = (
				en,
				Base,
			);
			mainGroup = BA540E442A6F079000B513DC;
			productRefGroup = BA540E4E2A6F079000B513DC /* Products */;
			projectDirPath = "";
			projectRoot = "";
			targets = (
				BA540E4C2A6F079000B513DC /* Hebro */,
				BA540E5C2A6F079200B513DC /* HebroTests */,
				BA540E662A6F079200B513DC /* HebroUITests */,
			);
		};
/* End PBXProject section */

/* Begin PBXResourcesBuildPhase section */
		BA540E4B2A6F079000B513DC /* Resources */ = {
			isa = PBXResourcesBuildPhase;
			buildActionMask = 2147483647;
			files = (
				BA540E582A6F079200B513DC /* Preview Assets.xcassets in Resources */,
				BA540E552A6F079200B513DC /* Assets.xcassets in Resources */,
			);
			runOnlyForDeploymentPostprocessing = 0;
		};
		BA540E5B2A6F079200B513DC /* Resources */ = {
			isa = PBXResourcesBuildPhase;
			buildActionMask = 2147483647;
			files = (
			);
			runOnlyForDeploymentPostprocessing = 0;
		};
		BA540E652A6F079200B513DC /* Resources */ = {
			isa = PBXResourcesBuildPhase;
			buildActionMask = 2147483647;
			files = (
			);
			runOnlyForDeploymentPostprocessing = 0;
		};
/* End PBXResourcesBuildPhase section */

/* Begin PBXSourcesBuildPhase section */
		BA540E492A6F079000B513DC /* Sources */ = {
			isa = PBXSourcesBuildPhase;
			buildActionMask = 2147483647;
			files = (
				BA540E532A6F079000B513DC /* ContentView.swift in Sources */,
				BA540E512A6F079000B513DC /* HebroApp.swift in Sources */,
			);
			runOnlyForDeploymentPostprocessing = 0;
		};
		BA540E592A6F079200B513DC /* Sources */ = {
			isa = PBXSourcesBuildPhase;
			buildActionMask = 2147483647;
			files = (
				BA540E622A6F079200B513DC /* HebroTests.swift in Sources */,
			);
			runOnlyForDeploymentPostprocessing = 0;
		};
		BA540E632A6F079200B513DC /* Sources */ = {
			isa = PBXSourcesBuildPhase;
			buildActionMask = 2147483647;
			files = (
				BA540E6C2A6F079200B513DC /* HebroUITests.swift in Sources */,
				BA540E6E2A6F079200B513DC /* HebroUITestsLaunchTests.swift in Sources */,
			);
			runOnlyForDeploymentPostprocessing = 0;
		};
/* End PBXSourcesBuildPhase section */

/* Begin PBXTargetDependency section */
		BA540E5F2A6F079200B513DC /* PBXTargetDependency */ = {
			isa = PBXTargetDependency;
			target = BA540E4C2A6F079000B513DC /* Hebro */;
			targetProxy = BA540E5E2A6F079200B513DC /* PBXContainerItemProxy */;
		};
		BA540E692A6F079200B513DC /* PBXTargetDependency */ = {
			isa = PBXTargetDependency;
			target = BA540E4C2A6F079000B513DC /* Hebro */;
			targetProxy = BA540E682A6F079200B513DC /* PBXContainerItemProxy */;
		};
/* End PBXTargetDependency section */

/* Begin XCBuildConfiguration section */
		BA540E6F2A6F079200B513DC /* Debug */ = {
			isa = XCBuildConfiguration;
			buildSettings = {
				ALWAYS_SEARCH_USER_PATHS = NO;
				CLANG_ANALYZER_NONNULL = YES;
				CLANG_ANALYZER_NUMBER_OBJECT_CONVERSION = YES_AGGRESSIVE;
				CLANG_CXX_LANGUAGE_STANDARD = "gnu++20";
				CLANG_ENABLE_MODULES = YES;
				CLANG_ENABLE_OBJC_ARC = YES;
				CLANG_ENABLE_OBJC_WEAK = YES;
				CLANG_WARN_BLOCK_CAPTURE_AUTORELEASING = YES;
				CLANG_WARN_BOOL_CONVERSION = YES;
				CLANG_WARN_COMMA = YES;
				CLANG_WARN_CONSTANT_CONVERSION = YES;
				CLANG_WARN_DEPRECATED_OBJC_IMPLEMENTATIONS = YES;
				CLANG_WARN_DIRECT_OBJC_ISA_USAGE = YES_ERROR;
				CLANG_WARN_DOCUMENTATION_COMMENTS = YES;
				CLANG_WARN_EMPTY_BODY = YES;
				CLANG_WARN_ENUM_CONVERSION = YES;
				CLANG_WARN_INFINITE_RECURSION = YES;
				CLANG_WARN_INT_CONVERSION = YES;
				CLANG_WARN_NON_LITERAL_NULL_CONVERSION = YES;
				CLANG_WARN_OBJC_IMPLICIT_RETAIN_SELF = YES;
				CLANG_WARN_OBJC_LITERAL_CONVERSION = YES;
				CLANG_WARN_OBJC_ROOT_CLASS = YES_ERROR;
				CLANG_WARN_QUOTED_INCLUDE_IN_FRAMEWORK_HEADER = YES;
				CLANG_WARN_RANGE_LOOP_ANALYSIS = YES;
				CLANG_WARN_STRICT_PROTOTYPES = YES;
				CLANG_WARN_SUSPICIOUS_MOVE = YES;
				CLANG_WARN_UNGUARDED_AVAILABILITY = YES_AGGRESSIVE;
				CLANG_WARN_UNREACHABLE_CODE = YES;
				CLANG_WARN__DUPLICATE_METHOD_MATCH = YES;
				COPY_PHASE_STRIP = NO;
				DEBUG_INFORMATION_FORMAT = dwarf;
				ENABLE_STRICT_OBJC_MSGSEND = YES;
				ENABLE_TESTABILITY = YES;
				GCC_C_LANGUAGE_STANDARD = gnu11;
				GCC_DYNAMIC_NO_PIC = NO;
				GCC_NO_COMMON_BLOCKS = YES;
				GCC_OPTIMIZATION_LEVEL = 0;
				GCC_PREPROCESSOR_DEFINITIONS = (
					"DEBUG=1",
					"$(inherited)",
				);
				GCC_WARN_64_TO_32_BIT_CONVERSION = YES;
				GCC_WARN_ABOUT_RETURN_TYPE = YES_ERROR;
				GCC_WARN_UNDECLARED_SELECTOR = YES;
				GCC_WARN_UNINITIALIZED_AUTOS = YES_AGGRESSIVE;
				GCC_WARN_UNUSED_FUNCTION = YES;
				GCC_WARN_UNUSED_VARIABLE = YES;
				IPHONEOS_DEPLOYMENT_TARGET = 16.4;
				MTL_ENABLE_DEBUG_INFO = INCLUDE_SOURCE;
				MTL_FAST_MATH = YES;
				ONLY_ACTIVE_ARCH = YES;
				SDKROOT = iphoneos;
				SWIFT_ACTIVE_COMPILATION_CONDITIONS = DEBUG;
				SWIFT_OPTIMIZATION_LEVEL = "-Onone";
			};
			name = Debug;
		};
		BA540E702A6F079200B513DC /* Release */ = {
			isa = XCBuildConfiguration;
			buildSettings = {
				ALWAYS_SEARCH_USER_PATHS = NO;
				CLANG_ANALYZER_NONNULL = YES;
				CLANG_ANALYZER_NUMBER_OBJECT_CONVERSION = YES_AGGRESSIVE;
				CLANG_CXX_LANGUAGE_STANDARD = "gnu++20";
				CLANG_ENABLE_MODULES = YES;
				CLANG_ENABLE_OBJC_ARC = YES;
				CLANG_ENABLE_OBJC_WEAK = YES;
				CLANG_WARN_BLOCK_CAPTURE_AUTORELEASING = YES;
				CLANG_WARN_BOOL_CONVERSION = YES;
				CLANG_WARN_COMMA = YES;
				CLANG_WARN_CONSTANT_CONVERSION = YES;
				CLANG_WARN_DEPRECATED_OBJC_IMPLEMENTATIONS = YES;
				CLANG_WARN_DIRECT_OBJC_ISA_USAGE = YES_ERROR;
				CLANG_WARN_DOCUMENTATION_COMMENTS = YES;
				CLANG_WARN_EMPTY_BODY = YES;
				CLANG_WARN_ENUM_CONVERSION = YES;
				CLANG_WARN_INFINITE_RECURSION = YES;
				CLANG_WARN_INT_CONVERSION = YES;
				CLANG_WARN_NON_LITERAL_NULL_CONVERSION = YES;
				CLANG_WARN_OBJC_IMPLICIT_RETAIN_SELF = YES;
				CLANG_WARN_OBJC_LITERAL_CONVERSION = YES;
				CLANG_WARN_OBJC_ROOT_CLASS = YES_ERROR;
				CLANG_WARN_QUOTED_INCLUDE_IN_FRAMEWORK_HEADER = YES;
				CLANG_WARN_RANGE_LOOP_ANALYSIS = YES;
				CLANG_WARN_STRICT_PROTOTYPES = YES;
				CLANG_WARN_SUSPICIOUS_MOVE = YES;
				CLANG_WARN_UNGUARDED_AVAILABILITY = YES_AGGRESSIVE;
				CLANG_WARN_UNREACHABLE_CODE = YES;
				CLANG_WARN__DUPLICATE_METHOD_MATCH = YES;
				COPY_PHASE_STRIP = NO;
				DEBUG_INFORMATION_FORMAT = "dwarf-with-dsym";
				ENABLE_NS_ASSERTIONS = NO;
				ENABLE_STRICT_OBJC_MSGSEND = YES;
				GCC_C_LANGUAGE_STANDARD = gnu11;
				GCC_NO_COMMON_BLOCKS = YES;
				GCC_WARN_64_TO_32_BIT_CONVERSION = YES;
				GCC_WARN_ABOUT_RETURN_TYPE = YES_ERROR;
				GCC_WARN_UNDECLARED_SELECTOR = YES;
				GCC_WARN_UNINITIALIZED_AUTOS = YES_AGGRESSIVE;
				GCC_WARN_UNUSED_FUNCTION = YES;
				GCC_WARN_UNUSED_VARIABLE = YES;
				IPHONEOS_DEPLOYMENT_TARGET = 16.4;
				MTL_ENABLE_DEBUG_INFO = NO;
				MTL_FAST_MATH = YES;
				SDKROOT = iphoneos;
				SWIFT_COMPILATION_MODE = wholemodule;
				SWIFT_OPTIMIZATION_LEVEL = "-O";
				VALIDATE_PRODUCT = YES;
			};
			name = Release;
		};
		BA540E722A6F079200B513DC /* Debug */ = {
			isa = XCBuildConfiguration;
			buildSettings = {
				ASSETCATALOG_COMPILER_APPICON_NAME = AppIcon;
				ASSETCATALOG_COMPILER_GLOBAL_ACCENT_COLOR_NAME = AccentColor;
				CODE_SIGN_STYLE = Automatic;
				CURRENT_PROJECT_VERSION = 1;
				DEVELOPMENT_ASSET_PATHS = "\"Hebro/Preview Content\"";
				DEVELOPMENT_TEAM = 29XK6765HS;
				ENABLE_PREVIEWS = YES;
				GENERATE_INFOPLIST_FILE = YES;
				INFOPLIST_KEY_UIApplicationSceneManifest_Generation = YES;
				INFOPLIST_KEY_UIApplicationSupportsIndirectInputEvents = YES;
				INFOPLIST_KEY_UILaunchScreen_Generation = YES;
				INFOPLIST_KEY_UISupportedInterfaceOrientations_iPad = "UIInterfaceOrientationPortrait UIInterfaceOrientationPortraitUpsideDown UIInterfaceOrientationLandscapeLeft UIInterfaceOrientationLandscapeRight";
				INFOPLIST_KEY_UISupportedInterfaceOrientations_iPhone = "UIInterfaceOrientationPortrait UIInterfaceOrientationLandscapeLeft UIInterfaceOrientationLandscapeRight";
				LD_RUNPATH_SEARCH_PATHS = (
					"$(inherited)",
					"@executable_path/Frameworks",
				);
				MARKETING_VERSION = 1.0;
				PRODUCT_BUNDLE_IDENTIFIER = com.hodayaR.Hebro;
				PRODUCT_NAME = "$(TARGET_NAME)";
				SWIFT_EMIT_LOC_STRINGS = YES;
				SWIFT_VERSION = 5.0;
				TARGETED_DEVICE_FAMILY = "1,2";
			};
			name = Debug;
		};
		BA540E732A6F079200B513DC /* Release */ = {
			isa = XCBuildConfiguration;
			buildSettings = {
				ASSETCATALOG_COMPILER_APPICON_NAME = AppIcon;
				ASSETCATALOG_COMPILER_GLOBAL_ACCENT_COLOR_NAME = AccentColor;
				CODE_SIGN_STYLE = Automatic;
				CURRENT_PROJECT_VERSION = 1;
				DEVELOPMENT_ASSET_PATHS = "\"Hebro/Preview Content\"";
				DEVELOPMENT_TEAM = 29XK6765HS;
				ENABLE_PREVIEWS = YES;
				GENERATE_INFOPLIST_FILE = YES;
				INFOPLIST_KEY_UIApplicationSceneManifest_Generation = YES;
				INFOPLIST_KEY_UIApplicationSupportsIndirectInputEvents = YES;
				INFOPLIST_KEY_UILaunchScreen_Generation = YES;
				INFOPLIST_KEY_UISupportedInterfaceOrientations_iPad = "UIInterfaceOrientationPortrait UIInterfaceOrientationPortraitUpsideDown UIInterfaceOrientationLandscapeLeft UIInterfaceOrientationLandscapeRight";
				INFOPLIST_KEY_UISupportedInterfaceOrientations_iPhone = "UIInterfaceOrientationPortrait UIInterfaceOrientationLandscapeLeft UIInterfaceOrientationLandscapeRight";
				LD_RUNPATH_SEARCH_PATHS = (
					"$(inherited)",
					"@executable_path/Frameworks",
				);
				MARKETING_VERSION = 1.0;
				PRODUCT_BUNDLE_IDENTIFIER = com.hodayaR.Hebro;
				PRODUCT_NAME = "$(TARGET_NAME)";
				SWIFT_EMIT_LOC_STRINGS = YES;
				SWIFT_VERSION = 5.0;
				TARGETED_DEVICE_FAMILY = "1,2";
			};
			name = Release;
		};
		BA540E752A6F079200B513DC /* Debug */ = {
			isa = XCBuildConfiguration;
			buildSettings = {
				ALWAYS_EMBED_SWIFT_STANDARD_LIBRARIES = YES;
				BUNDLE_LOADER = "$(TEST_HOST)";
				CODE_SIGN_STYLE = Automatic;
				CURRENT_PROJECT_VERSION = 1;
				DEVELOPMENT_TEAM = 29XK6765HS;
				GENERATE_INFOPLIST_FILE = YES;
				IPHONEOS_DEPLOYMENT_TARGET = 16.4;
				MARKETING_VERSION = 1.0;
				PRODUCT_BUNDLE_IDENTIFIER = com.hodayaR.HebroTests;
				PRODUCT_NAME = "$(TARGET_NAME)";
				SWIFT_EMIT_LOC_STRINGS = NO;
				SWIFT_VERSION = 5.0;
				TARGETED_DEVICE_FAMILY = "1,2";
				TEST_HOST = "$(BUILT_PRODUCTS_DIR)/Hebro.app/$(BUNDLE_EXECUTABLE_FOLDER_PATH)/Hebro";
			};
			name = Debug;
		};
		BA540E762A6F079200B513DC /* Release */ = {
			isa = XCBuildConfiguration;
			buildSettings = {
				ALWAYS_EMBED_SWIFT_STANDARD_LIBRARIES = YES;
				BUNDLE_LOADER = "$(TEST_HOST)";
				CODE_SIGN_STYLE = Automatic;
				CURRENT_PROJECT_VERSION = 1;
				DEVELOPMENT_TEAM = 29XK6765HS;
				GENERATE_INFOPLIST_FILE = YES;
				IPHONEOS_DEPLOYMENT_TARGET = 16.4;
				MARKETING_VERSION = 1.0;
				PRODUCT_BUNDLE_IDENTIFIER = com.hodayaR.HebroTests;
				PRODUCT_NAME = "$(TARGET_NAME)";
				SWIFT_EMIT_LOC_STRINGS = NO;
				SWIFT_VERSION = 5.0;
				TARGETED_DEVICE_FAMILY = "1,2";
				TEST_HOST = "$(BUILT_PRODUCTS_DIR)/Hebro.app/$(BUNDLE_EXECUTABLE_FOLDER_PATH)/Hebro";
			};
			name = Release;
		};
		BA540E782A6F079200B513DC /* Debug */ = {
			isa = XCBuildConfiguration;
			buildSettings = {
				ALWAYS_EMBED_SWIFT_STANDARD_LIBRARIES = YES;
				CODE_SIGN_STYLE = Automatic;
				CURRENT_PROJECT_VERSION = 1;
				DEVELOPMENT_TEAM = 29XK6765HS;
				GENERATE_INFOPLIST_FILE = YES;
				MARKETING_VERSION = 1.0;
				PRODUCT_BUNDLE_IDENTIFIER = com.hodayaR.HebroUITests;
				PRODUCT_NAME = "$(TARGET_NAME)";
				SWIFT_EMIT_LOC_STRINGS = NO;
				SWIFT_VERSION = 5.0;
				TARGETED_DEVICE_FAMILY = "1,2";
				TEST_TARGET_NAME = Hebro;
			};
			name = Debug;
		};
		BA540E792A6F079200B513DC /* Release */ = {
			isa = XCBuildConfiguration;
			buildSettings = {
				ALWAYS_EMBED_SWIFT_STANDARD_LIBRARIES = YES;
				CODE_SIGN_STYLE = Automatic;
				CURRENT_PROJECT_VERSION = 1;
				DEVELOPMENT_TEAM = 29XK6765HS;
				GENERATE_INFOPLIST_FILE = YES;
				MARKETING_VERSION = 1.0;
				PRODUCT_BUNDLE_IDENTIFIER = com.hodayaR.HebroUITests;
				PRODUCT_NAME = "$(TARGET_NAME)";
				SWIFT_EMIT_LOC_STRINGS = NO;
				SWIFT_VERSION = 5.0;
				TARGETED_DEVICE_FAMILY = "1,2";
				TEST_TARGET_NAME = Hebro;
			};
			name = Release;
		};
/* End XCBuildConfiguration section */

/* Begin XCConfigurationList section */
		BA540E482A6F079000B513DC /* Build configuration list for PBXProject "Hebro" */ = {
			isa = XCConfigurationList;
			buildConfigurations = (
				BA540E6F2A6F079200B513DC /* Debug */,
				BA540E702A6F079200B513DC /* Release */,
			);
			defaultConfigurationIsVisible = 0;
			defaultConfigurationName = Release;
		};
		BA540E712A6F079200B513DC /* Build configuration list for PBXNativeTarget "Hebro" */ = {
			isa = XCConfigurationList;
			buildConfigurations = (
				BA540E722A6F079200B513DC /* Debug */,
				BA540E732A6F079200B513DC /* Release */,
			);
			defaultConfigurationIsVisible = 0;
			defaultConfigurationName = Release;
		};
		BA540E742A6F079200B513DC /* Build configuration list for PBXNativeTarget "HebroTests" */ = {
			isa = XCConfigurationList;
			buildConfigurations = (
				BA540E752A6F079200B513DC /* Debug */,
				BA540E762A6F079200B513DC /* Release */,
			);
			defaultConfigurationIsVisible = 0;
			defaultConfigurationName = Release;
		};
		BA540E772A6F079200B513DC /* Build configuration list for PBXNativeTarget "HebroUITests" */ = {
			isa = XCConfigurationList;
			buildConfigurations = (
				BA540E782A6F079200B513DC /* Debug */,
				BA540E792A6F079200B513DC /* Release */,
			);
			defaultConfigurationIsVisible = 0;
			defaultConfigurationName = Release;
		};
/* End XCConfigurationList section */
	};
	rootObject = BA540E452A6F079000B513DC /* Project object */;
}
